
Microsoft Visual Studio Solution File, Format Version 12.00
# Visual Studio Version 17
VisualStudioVersion = 17.9.34622.214
MinimumVisualStudioVersion = 10.0.40219.1
Project("{FAE04EC0-301F-11D3-BF4B-00C04F79EFBC}") = "ConsoleApp2", "ConsoleApp2.csproj", "{175151D4-AAB1-4FEC-B73D-F62BAE6A44D5}"
EndProject
Global
	GlobalSection(SolutionConfigurationPlatforms) = preSolution
		Debug|Any CPU = Debug|Any CPU
		Release|Any CPU = Release|Any CPU
	EndGlobalSection
	GlobalSection(ProjectConfigurationPlatforms) = postSolution
		{175151D4-AAB1-4FEC-B73D-F62BAE6A44D5}.Debug|Any CPU.ActiveCfg = Debug|Any CPU
		{175151D4-AAB1-4FEC-B73D-F62BAE6A44D5}.Debug|Any CPU.Build.0 = Debug|Any CPU
		{175151D4-AAB1-4FEC-B73D-F62BAE6A44D5}.Release|Any CPU.ActiveCfg = Release|Any CPU
		{175151D4-AAB1-4FEC-B73D-F62BAE6A44D5}.Release|Any CPU.Build.0 = Release|Any CPU
	EndGlobalSection
	GlobalSection(SolutionProperties) = preSolution
		HideSolutionNode = FALSE
	EndGlobalSection
	GlobalSection(ExtensibilityGlobals) = postSolution
		SolutionGuid = {390E60E3-06A3-4708-A240-708912720307}
	EndGlobalSection
EndGlobal
