
Microsoft Visual Studio Solution File, Format Version 12.00
# Visual Studio Version 17
VisualStudioVersion = 17.9.34622.214
MinimumVisualStudioVersion = 10.0.40219.1
Project("{FAE04EC0-301F-11D3-BF4B-00C04F79EFBC}") = "WebApplication1", "WebApplication1.csproj", "{4A105CDD-9726-4156-88BB-25D92D6E0F89}"
EndProject
Global
	GlobalSection(SolutionConfigurationPlatforms) = preSolution
		Debug|Any CPU = Debug|Any CPU
		Release|Any CPU = Release|Any CPU
	EndGlobalSection
	GlobalSection(ProjectConfigurationPlatforms) = postSolution
		{4A105CDD-9726-4156-88BB-25D92D6E0F89}.Debug|Any CPU.ActiveCfg = Debug|Any CPU
		{4A105CDD-9726-4156-88BB-25D92D6E0F89}.Debug|Any CPU.Build.0 = Debug|Any CPU
		{4A105CDD-9726-4156-88BB-25D92D6E0F89}.Release|Any CPU.ActiveCfg = Release|Any CPU
		{4A105CDD-9726-4156-88BB-25D92D6E0F89}.Release|Any CPU.Build.0 = Release|Any CPU
	EndGlobalSection
	GlobalSection(SolutionProperties) = preSolution
		HideSolutionNode = FALSE
	EndGlobalSection
	GlobalSection(ExtensibilityGlobals) = postSolution
		SolutionGuid = {5DD8E2A8-A0C7-4E29-84D3-12A7C514099C}
	EndGlobalSection
EndGlobal
