
Microsoft Visual Studio Solution File, Format Version 12.00
# Visual Studio Version 17
VisualStudioVersion = 17.9.34622.214
MinimumVisualStudioVersion = 10.0.40219.1
Project("{FAE04EC0-301F-11D3-BF4B-00C04F79EFBC}") = "MasterPageDemo", "MasterPageDemo.csproj", "{AAAA62F0-AE7F-427C-872F-30CC2D7ECB11}"
EndProject
Global
	GlobalSection(SolutionConfigurationPlatforms) = preSolution
		Debug|Any CPU = Debug|Any CPU
		Release|Any CPU = Release|Any CPU
	EndGlobalSection
	GlobalSection(ProjectConfigurationPlatforms) = postSolution
		{AAAA62F0-AE7F-427C-872F-30CC2D7ECB11}.Debug|Any CPU.ActiveCfg = Debug|Any CPU
		{AAAA62F0-AE7F-427C-872F-30CC2D7ECB11}.Debug|Any CPU.Build.0 = Debug|Any CPU
		{AAAA62F0-AE7F-427C-872F-30CC2D7ECB11}.Release|Any CPU.ActiveCfg = Release|Any CPU
		{AAAA62F0-AE7F-427C-872F-30CC2D7ECB11}.Release|Any CPU.Build.0 = Release|Any CPU
	EndGlobalSection
	GlobalSection(SolutionProperties) = preSolution
		HideSolutionNode = FALSE
	EndGlobalSection
	GlobalSection(ExtensibilityGlobals) = postSolution
		SolutionGuid = {C7601327-8171-4FDB-B666-80D0B4E7AC3A}
	EndGlobalSection
EndGlobal
